// !$*UTF8*$!
{
	archiveVersion = 1;
	classes = {
	};
	objectVersion = 56;
	objects = {

/* Begin PBXBuildFile section */
		3936E5F72938F2FA008A614E /* Application.swift in Sources */ = {isa = PBXBuildFile; fileRef = 3936E5F62938F2FA008A614E /* Application.swift */; };
		3936E5F9293C9B82008A614E /* Student.swift in Sources */ = {isa = PBXBuildFile; fileRef = 3936E5F8293C9B82008A614E /* Student.swift */; };
		3936E5FB293C9C75008A614E /* Subject.swift in Sources */ = {isa = PBXBuildFile; fileRef = 3936E5FA293C9C75008A614E /* Subject.swift */; };
		3936E5FD293C9CDF008A614E /* Score.swift in Sources */ = {isa = PBXBuildFile; fileRef = 3936E5FC293C9CDF008A614E /* Score.swift */; };
		3936E5FF293C9D99008A614E /* StudentFunction.swift in Sources */ = {isa = PBXBuildFile; fileRef = 3936E5FE293C9D99008A614E /* StudentFunction.swift */; };
		3936E605293CDF77008A614E /* MenualComment.swift in Sources */ = {isa = PBXBuildFile; fileRef = 3936E604293CDF77008A614E /* MenualComment.swift */; };
		3936E607293CDF9A008A614E /* ErrorComment.swift in Sources */ = {isa = PBXBuildFile; fileRef = 3936E606293CDF9A008A614E /* ErrorComment.swift */; };
		39B2DFB42921C87900560E66 /* main.swift in Sources */ = {isa = PBXBuildFile; fileRef = 39B2DFB32921C87900560E66 /* main.swift */; };
		39CD6B80292359A10084C267 /* ResultComment.swift in Sources */ = {isa = PBXBuildFile; fileRef = 39CD6B7F292359A10084C267 /* ResultComment.swift */; };
/* End PBXBuildFile section */

/* Begin PBXCopyFilesBuildPhase section */
		39B2DFAE2921C87900560E66 /* CopyFiles */ = {
			isa = PBXCopyFilesBuildPhase;
			buildActionMask = 2147483647;
			dstPath = /usr/share/man/man1/;
			dstSubfolderSpec = 0;
			files = (
			);
			runOnlyForDeploymentPostprocessing = 1;
		};
/* End PBXCopyFilesBuildPhase section */

/* Begin PBXFileReference section */
		3936E5F62938F2FA008A614E /* Application.swift */ = {isa = PBXFileReference; lastKnownFileType = sourcecode.swift; path = Application.swift; sourceTree = "<group>"; };
		3936E5F8293C9B82008A614E /* Student.swift */ = {isa = PBXFileReference; lastKnownFileType = sourcecode.swift; path = Student.swift; sourceTree = "<group>"; };
		3936E5FA293C9C75008A614E /* Subject.swift */ = {isa = PBXFileReference; lastKnownFileType = sourcecode.swift; path = Subject.swift; sourceTree = "<group>"; };
		3936E5FC293C9CDF008A614E /* Score.swift */ = {isa = PBXFileReference; lastKnownFileType = sourcecode.swift; path = Score.swift; sourceTree = "<group>"; };
		3936E5FE293C9D99008A614E /* StudentFunction.swift */ = {isa = PBXFileReference; lastKnownFileType = sourcecode.swift; path = StudentFunction.swift; sourceTree = "<group>"; };
		3936E604293CDF77008A614E /* MenualComment.swift */ = {isa = PBXFileReference; lastKnownFileType = sourcecode.swift; path = MenualComment.swift; sourceTree = "<group>"; };
		3936E606293CDF9A008A614E /* ErrorComment.swift */ = {isa = PBXFileReference; lastKnownFileType = sourcecode.swift; path = ErrorComment.swift; sourceTree = "<group>"; };
		39B2DFB02921C87900560E66 /* MyCreditManager */ = {isa = PBXFileReference; explicitFileType = "compiled.mach-o.executable"; includeInIndex = 0; path = MyCreditManager; sourceTree = BUILT_PRODUCTS_DIR; };
		39B2DFB32921C87900560E66 /* main.swift */ = {isa = PBXFileReference; lastKnownFileType = sourcecode.swift; path = main.swift; sourceTree = "<group>"; };
		39CD6B7F292359A10084C267 /* ResultComment.swift */ = {isa = PBXFileReference; lastKnownFileType = sourcecode.swift; path = ResultComment.swift; sourceTree = "<group>"; };
		39CD6B892924764B0084C267 /* MyCreditManager+Test.xctest */ = {isa = PBXFileReference; explicitFileType = wrapper.cfbundle; includeInIndex = 0; path = "MyCreditManager+Test.xctest"; sourceTree = BUILT_PRODUCTS_DIR; };
/* End PBXFileReference section */

/* Begin PBXFrameworksBuildPhase section */
		39B2DFAD2921C87900560E66 /* Frameworks */ = {
			isa = PBXFrameworksBuildPhase;
			buildActionMask = 2147483647;
			files = (
			);
			runOnlyForDeploymentPostprocessing = 0;
		};
		39CD6B862924764B0084C267 /* Frameworks */ = {
			isa = PBXFrameworksBuildPhase;
			buildActionMask = 2147483647;
			files = (
			);
			runOnlyForDeploymentPostprocessing = 0;
		};
/* End PBXFrameworksBuildPhase section */

/* Begin PBXGroup section */
		3936E602293CCCFB008A614E /* Model */ = {
			isa = PBXGroup;
			children = (
				3936E5F8293C9B82008A614E /* Student.swift */,
				3936E5FA293C9C75008A614E /* Subject.swift */,
				3936E5FC293C9CDF008A614E /* Score.swift */,
			);
			path = Model;
			sourceTree = "<group>";
		};
		3936E603293CDF5C008A614E /* Enum */ = {
			isa = PBXGroup;
			children = (
				3936E604293CDF77008A614E /* MenualComment.swift */,
				39CD6B7F292359A10084C267 /* ResultComment.swift */,
				3936E606293CDF9A008A614E /* ErrorComment.swift */,
			);
			path = Enum;
			sourceTree = "<group>";
		};
		39B2DFA72921C87900560E66 = {
			isa = PBXGroup;
			children = (
				39B2DFB22921C87900560E66 /* MyCreditManager */,
				39B2DFB12921C87900560E66 /* Products */,
			);
			sourceTree = "<group>";
		};
		39B2DFB12921C87900560E66 /* Products */ = {
			isa = PBXGroup;
			children = (
				39B2DFB02921C87900560E66 /* MyCreditManager */,
				39CD6B892924764B0084C267 /* MyCreditManager+Test.xctest */,
			);
			name = Products;
			sourceTree = "<group>";
		};
		39B2DFB22921C87900560E66 /* MyCreditManager */ = {
			isa = PBXGroup;
			children = (
				39B2DFB32921C87900560E66 /* main.swift */,
				3936E5F62938F2FA008A614E /* Application.swift */,
				3936E5FE293C9D99008A614E /* StudentFunction.swift */,
				3936E603293CDF5C008A614E /* Enum */,
				3936E602293CCCFB008A614E /* Model */,
			);
			path = MyCreditManager;
			sourceTree = "<group>";
		};
/* End PBXGroup section */

/* Begin PBXNativeTarget section */
		39B2DFAF2921C87900560E66 /* MyCreditManager */ = {
			isa = PBXNativeTarget;
			buildConfigurationList = 39B2DFB72921C87900560E66 /* Build configuration list for PBXNativeTarget "MyCreditManager" */;
			buildPhases = (
				39B2DFAC2921C87900560E66 /* Sources */,
				39B2DFAD2921C87900560E66 /* Frameworks */,
				39B2DFAE2921C87900560E66 /* CopyFiles */,
			);
			buildRules = (
			);
			dependencies = (
			);
			name = MyCreditManager;
			productName = MyCreditManager;
			productReference = 39B2DFB02921C87900560E66 /* MyCreditManager */;
			productType = "com.apple.product-type.tool";
		};
		39CD6B882924764B0084C267 /* MyCreditManager+Test */ = {
			isa = PBXNativeTarget;
			buildConfigurationList = 39CD6B8D2924764B0084C267 /* Build configuration list for PBXNativeTarget "MyCreditManager+Test" */;
			buildPhases = (
				39CD6B852924764B0084C267 /* Sources */,
				39CD6B862924764B0084C267 /* Frameworks */,
				39CD6B872924764B0084C267 /* Resources */,
			);
			buildRules = (
			);
			dependencies = (
			);
			name = "MyCreditManager+Test";
			productName = "MyCreditManager+Test";
			productReference = 39CD6B892924764B0084C267 /* MyCreditManager+Test.xctest */;
			productType = "com.apple.product-type.bundle.unit-test";
		};
/* End PBXNativeTarget section */

/* Begin PBXProject section */
		39B2DFA82921C87900560E66 /* Project object */ = {
			isa = PBXProject;
			attributes = {
				BuildIndependentTargetsInParallel = 1;
				LastSwiftUpdateCheck = 1410;
				LastUpgradeCheck = 1410;
				TargetAttributes = {
					39B2DFAF2921C87900560E66 = {
						CreatedOnToolsVersion = 14.1;
					};
					39CD6B882924764B0084C267 = {
						CreatedOnToolsVersion = 14.1;
					};
				};
			};
			buildConfigurationList = 39B2DFAB2921C87900560E66 /* Build configuration list for PBXProject "MyCreditManager" */;
			compatibilityVersion = "Xcode 14.0";
			developmentRegion = en;
			hasScannedForEncodings = 0;
			knownRegions = (
				en,
				Base,
			);
			mainGroup = 39B2DFA72921C87900560E66;
			productRefGroup = 39B2DFB12921C87900560E66 /* Products */;
			projectDirPath = "";
			projectRoot = "";
			targets = (
				39B2DFAF2921C87900560E66 /* MyCreditManager */,
				39CD6B882924764B0084C267 /* MyCreditManager+Test */,
			);
		};
/* End PBXProject section */

/* Begin PBXResourcesBuildPhase section */
		39CD6B872924764B0084C267 /* Resources */ = {
			isa = PBXResourcesBuildPhase;
			buildActionMask = 2147483647;
			files = (
			);
			runOnlyForDeploymentPostprocessing = 0;
		};
/* End PBXResourcesBuildPhase section */

/* Begin PBXSourcesBuildPhase section */
		39B2DFAC2921C87900560E66 /* Sources */ = {
			isa = PBXSourcesBuildPhase;
			buildActionMask = 2147483647;
			files = (
				3936E5FF293C9D99008A614E /* StudentFunction.swift in Sources */,
				3936E5F72938F2FA008A614E /* Application.swift in Sources */,
				3936E5F9293C9B82008A614E /* Student.swift in Sources */,
				3936E605293CDF77008A614E /* MenualComment.swift in Sources */,
				3936E5FD293C9CDF008A614E /* Score.swift in Sources */,
				3936E5FB293C9C75008A614E /* Subject.swift in Sources */,
				39B2DFB42921C87900560E66 /* main.swift in Sources */,
				39CD6B80292359A10084C267 /* ResultComment.swift in Sources */,
				3936E607293CDF9A008A614E /* ErrorComment.swift in Sources */,
			);
			runOnlyForDeploymentPostprocessing = 0;
		};
		39CD6B852924764B0084C267 /* Sources */ = {
			isa = PBXSourcesBuildPhase;
			buildActionMask = 2147483647;
			files = (
			);
			runOnlyForDeploymentPostprocessing = 0;
		};
/* End PBXSourcesBuildPhase section */

/* Begin XCBuildConfiguration section */
		39B2DFB52921C87900560E66 /* Debug */ = {
			isa = XCBuildConfiguration;
			buildSettings = {
				ALWAYS_SEARCH_USER_PATHS = NO;
				CLANG_ANALYZER_NONNULL = YES;
				CLANG_ANALYZER_NUMBER_OBJECT_CONVERSION = YES_AGGRESSIVE;
				CLANG_CXX_LANGUAGE_STANDARD = "gnu++20";
				CLANG_ENABLE_MODULES = YES;
				CLANG_ENABLE_OBJC_ARC = YES;
				CLANG_ENABLE_OBJC_WEAK = YES;
				CLANG_WARN_BLOCK_CAPTURE_AUTORELEASING = YES;
				CLANG_WARN_BOOL_CONVERSION = YES;
				CLANG_WARN_COMMA = YES;
				CLANG_WARN_CONSTANT_CONVERSION = YES;
				CLANG_WARN_DEPRECATED_OBJC_IMPLEMENTATIONS = YES;
				CLANG_WARN_DIRECT_OBJC_ISA_USAGE = YES_ERROR;
				CLANG_WARN_DOCUMENTATION_COMMENTS = YES;
				CLANG_WARN_EMPTY_BODY = YES;
				CLANG_WARN_ENUM_CONVERSION = YES;
				CLANG_WARN_INFINITE_RECURSION = YES;
				CLANG_WARN_INT_CONVERSION = YES;
				CLANG_WARN_NON_LITERAL_NULL_CONVERSION = YES;
				CLANG_WARN_OBJC_IMPLICIT_RETAIN_SELF = YES;
				CLANG_WARN_OBJC_LITERAL_CONVERSION = YES;
				CLANG_WARN_OBJC_ROOT_CLASS = YES_ERROR;
				CLANG_WARN_QUOTED_INCLUDE_IN_FRAMEWORK_HEADER = YES;
				CLANG_WARN_RANGE_LOOP_ANALYSIS = YES;
				CLANG_WARN_STRICT_PROTOTYPES = YES;
				CLANG_WARN_SUSPICIOUS_MOVE = YES;
				CLANG_WARN_UNGUARDED_AVAILABILITY = YES_AGGRESSIVE;
				CLANG_WARN_UNREACHABLE_CODE = YES;
				CLANG_WARN__DUPLICATE_METHOD_MATCH = YES;
				COPY_PHASE_STRIP = NO;
				DEBUG_INFORMATION_FORMAT = dwarf;
				ENABLE_STRICT_OBJC_MSGSEND = YES;
				ENABLE_TESTABILITY = YES;
				GCC_C_LANGUAGE_STANDARD = gnu11;
				GCC_DYNAMIC_NO_PIC = NO;
				GCC_NO_COMMON_BLOCKS = YES;
				GCC_OPTIMIZATION_LEVEL = 0;
				GCC_PREPROCESSOR_DEFINITIONS = (
					"DEBUG=1",
					"$(inherited)",
				);
				GCC_WARN_64_TO_32_BIT_CONVERSION = YES;
				GCC_WARN_ABOUT_RETURN_TYPE = YES_ERROR;
				GCC_WARN_UNDECLARED_SELECTOR = YES;
				GCC_WARN_UNINITIALIZED_AUTOS = YES_AGGRESSIVE;
				GCC_WARN_UNUSED_FUNCTION = YES;
				GCC_WARN_UNUSED_VARIABLE = YES;
				MACOSX_DEPLOYMENT_TARGET = 12.6;
				MTL_ENABLE_DEBUG_INFO = INCLUDE_SOURCE;
				MTL_FAST_MATH = YES;
				ONLY_ACTIVE_ARCH = YES;
				SDKROOT = macosx;
				SWIFT_ACTIVE_COMPILATION_CONDITIONS = DEBUG;
				SWIFT_OPTIMIZATION_LEVEL = "-Onone";
			};
			name = Debug;
		};
		39B2DFB62921C87900560E66 /* Release */ = {
			isa = XCBuildConfiguration;
			buildSettings = {
				ALWAYS_SEARCH_USER_PATHS = NO;
				CLANG_ANALYZER_NONNULL = YES;
				CLANG_ANALYZER_NUMBER_OBJECT_CONVERSION = YES_AGGRESSIVE;
				CLANG_CXX_LANGUAGE_STANDARD = "gnu++20";
				CLANG_ENABLE_MODULES = YES;
				CLANG_ENABLE_OBJC_ARC = YES;
				CLANG_ENABLE_OBJC_WEAK = YES;
				CLANG_WARN_BLOCK_CAPTURE_AUTORELEASING = YES;
				CLANG_WARN_BOOL_CONVERSION = YES;
				CLANG_WARN_COMMA = YES;
				CLANG_WARN_CONSTANT_CONVERSION = YES;
				CLANG_WARN_DEPRECATED_OBJC_IMPLEMENTATIONS = YES;
				CLANG_WARN_DIRECT_OBJC_ISA_USAGE = YES_ERROR;
				CLANG_WARN_DOCUMENTATION_COMMENTS = YES;
				CLANG_WARN_EMPTY_BODY = YES;
				CLANG_WARN_ENUM_CONVERSION = YES;
				CLANG_WARN_INFINITE_RECURSION = YES;
				CLANG_WARN_INT_CONVERSION = YES;
				CLANG_WARN_NON_LITERAL_NULL_CONVERSION = YES;
				CLANG_WARN_OBJC_IMPLICIT_RETAIN_SELF = YES;
				CLANG_WARN_OBJC_LITERAL_CONVERSION = YES;
				CLANG_WARN_OBJC_ROOT_CLASS = YES_ERROR;
				CLANG_WARN_QUOTED_INCLUDE_IN_FRAMEWORK_HEADER = YES;
				CLANG_WARN_RANGE_LOOP_ANALYSIS = YES;
				CLANG_WARN_STRICT_PROTOTYPES = YES;
				CLANG_WARN_SUSPICIOUS_MOVE = YES;
				CLANG_WARN_UNGUARDED_AVAILABILITY = YES_AGGRESSIVE;
				CLANG_WARN_UNREACHABLE_CODE = YES;
				CLANG_WARN__DUPLICATE_METHOD_MATCH = YES;
				COPY_PHASE_STRIP = NO;
				DEBUG_INFORMATION_FORMAT = "dwarf-with-dsym";
				ENABLE_NS_ASSERTIONS = NO;
				ENABLE_STRICT_OBJC_MSGSEND = YES;
				GCC_C_LANGUAGE_STANDARD = gnu11;
				GCC_NO_COMMON_BLOCKS = YES;
				GCC_WARN_64_TO_32_BIT_CONVERSION = YES;
				GCC_WARN_ABOUT_RETURN_TYPE = YES_ERROR;
				GCC_WARN_UNDECLARED_SELECTOR = YES;
				GCC_WARN_UNINITIALIZED_AUTOS = YES_AGGRESSIVE;
				GCC_WARN_UNUSED_FUNCTION = YES;
				GCC_WARN_UNUSED_VARIABLE = YES;
				MACOSX_DEPLOYMENT_TARGET = 12.6;
				MTL_ENABLE_DEBUG_INFO = NO;
				MTL_FAST_MATH = YES;
				SDKROOT = macosx;
				SWIFT_COMPILATION_MODE = wholemodule;
				SWIFT_OPTIMIZATION_LEVEL = "-O";
			};
			name = Release;
		};
		39B2DFB82921C87900560E66 /* Debug */ = {
			isa = XCBuildConfiguration;
			buildSettings = {
				CODE_SIGN_STYLE = Automatic;
				DEVELOPMENT_TEAM = CB95NTZJ5Z;
				ENABLE_HARDENED_RUNTIME = YES;
				MACOSX_DEPLOYMENT_TARGET = 12.6;
				PRODUCT_NAME = "$(TARGET_NAME)";
				SWIFT_VERSION = 5.0;
			};
			name = Debug;
		};
		39B2DFB92921C87900560E66 /* Release */ = {
			isa = XCBuildConfiguration;
			buildSettings = {
				CODE_SIGN_STYLE = Automatic;
				DEVELOPMENT_TEAM = CB95NTZJ5Z;
				ENABLE_HARDENED_RUNTIME = YES;
				MACOSX_DEPLOYMENT_TARGET = 12.6;
				PRODUCT_NAME = "$(TARGET_NAME)";
				SWIFT_VERSION = 5.0;
			};
			name = Release;
		};
		39CD6B8E2924764B0084C267 /* Debug */ = {
			isa = XCBuildConfiguration;
			buildSettings = {
				CODE_SIGN_STYLE = Automatic;
				CURRENT_PROJECT_VERSION = 1;
				DEVELOPMENT_TEAM = CB95NTZJ5Z;
				GENERATE_INFOPLIST_FILE = YES;
				MARKETING_VERSION = 1.0;
				PRODUCT_BUNDLE_IDENTIFIER = "com.pane.MyCreditManager-Test";
				PRODUCT_NAME = "$(TARGET_NAME)";
				SWIFT_EMIT_LOC_STRINGS = NO;
				SWIFT_VERSION = 5.0;
			};
			name = Debug;
		};
		39CD6B8F2924764B0084C267 /* Release */ = {
			isa = XCBuildConfiguration;
			buildSettings = {
				CODE_SIGN_STYLE = Automatic;
				CURRENT_PROJECT_VERSION = 1;
				DEVELOPMENT_TEAM = CB95NTZJ5Z;
				GENERATE_INFOPLIST_FILE = YES;
				MARKETING_VERSION = 1.0;
				PRODUCT_BUNDLE_IDENTIFIER = "com.pane.MyCreditManager-Test";
				PRODUCT_NAME = "$(TARGET_NAME)";
				SWIFT_EMIT_LOC_STRINGS = NO;
				SWIFT_VERSION = 5.0;
			};
			name = Release;
		};
/* End XCBuildConfiguration section */

/* Begin XCConfigurationList section */
		39B2DFAB2921C87900560E66 /* Build configuration list for PBXProject "MyCreditManager" */ = {
			isa = XCConfigurationList;
			buildConfigurations = (
				39B2DFB52921C87900560E66 /* Debug */,
				39B2DFB62921C87900560E66 /* Release */,
			);
			defaultConfigurationIsVisible = 0;
			defaultConfigurationName = Release;
		};
		39B2DFB72921C87900560E66 /* Build configuration list for PBXNativeTarget "MyCreditManager" */ = {
			isa = XCConfigurationList;
			buildConfigurations = (
				39B2DFB82921C87900560E66 /* Debug */,
				39B2DFB92921C87900560E66 /* Release */,
			);
			defaultConfigurationIsVisible = 0;
			defaultConfigurationName = Release;
		};
		39CD6B8D2924764B0084C267 /* Build configuration list for PBXNativeTarget "MyCreditManager+Test" */ = {
			isa = XCConfigurationList;
			buildConfigurations = (
				39CD6B8E2924764B0084C267 /* Debug */,
				39CD6B8F2924764B0084C267 /* Release */,
			);
			defaultConfigurationIsVisible = 0;
			defaultConfigurationName = Release;
		};
/* End XCConfigurationList section */
	};
	rootObject = 39B2DFA82921C87900560E66 /* Project object */;
}
